
Microsoft Visual Studio Solution File, Format Version 12.00
# Visual Studio Version 17
VisualStudioVersion = 17.14.36811.4 d17.14
MinimumVisualStudioVersion = 10.0.40219.1
Project("{FAE04EC0-301F-11D3-BF4B-00C04F79EFBC}") = "Slimey Arcades", "Slimey Arcades\Slimey Arcades.csproj", "{A2C4FB48-EBDD-49BE-ABD0-4814A0AE2C6C}"
EndProject
Global
	GlobalSection(SolutionConfigurationPlatforms) = preSolution
		Debug|Any CPU = Debug|Any CPU
		Release|Any CPU = Release|Any CPU
	EndGlobalSection
	GlobalSection(ProjectConfigurationPlatforms) = postSolution
		{A2C4FB48-EBDD-49BE-ABD0-4814A0AE2C6C}.Debug|Any CPU.ActiveCfg = Debug|Any CPU
		{A2C4FB48-EBDD-49BE-ABD0-4814A0AE2C6C}.Debug|Any CPU.Build.0 = Debug|Any CPU
		{A2C4FB48-EBDD-49BE-ABD0-4814A0AE2C6C}.Release|Any CPU.ActiveCfg = Release|Any CPU
		{A2C4FB48-EBDD-49BE-ABD0-4814A0AE2C6C}.Release|Any CPU.Build.0 = Release|Any CPU
	EndGlobalSection
	GlobalSection(SolutionProperties) = preSolution
		HideSolutionNode = FALSE
	EndGlobalSection
	GlobalSection(ExtensibilityGlobals) = postSolution
		SolutionGuid = {0571640A-932F-48AD-95B6-3FB8C2E67081}
	EndGlobalSection
EndGlobal
